
Microsoft Visual Studio Solution File, Format Version 12.00
# Visual Studio Version 17
VisualStudioVersion = 17.10.35027.167
MinimumVisualStudioVersion = 10.0.40219.1
Project("{FAE04EC0-301F-11D3-BF4B-00C04F79EFBC}") = "W4LP", "W4LP.csproj", "{706DF657-48B1-4B2E-B485-A6C41999F7BE}"
EndProject
Global
	GlobalSection(SolutionConfigurationPlatforms) = preSolution
		Debug|Any CPU = Debug|Any CPU
		Release|Any CPU = Release|Any CPU
	EndGlobalSection
	GlobalSection(ProjectConfigurationPlatforms) = postSolution
		{706DF657-48B1-4B2E-B485-A6C41999F7BE}.Debug|Any CPU.ActiveCfg = Debug|Any CPU
		{706DF657-48B1-4B2E-B485-A6C41999F7BE}.Debug|Any CPU.Build.0 = Debug|Any CPU
		{706DF657-48B1-4B2E-B485-A6C41999F7BE}.Release|Any CPU.ActiveCfg = Release|Any CPU
		{706DF657-48B1-4B2E-B485-A6C41999F7BE}.Release|Any CPU.Build.0 = Release|Any CPU
	EndGlobalSection
	GlobalSection(SolutionProperties) = preSolution
		HideSolutionNode = FALSE
	EndGlobalSection
	GlobalSection(ExtensibilityGlobals) = postSolution
		SolutionGuid = {260516E3-19A9-4447-85B9-7655909E0D7C}
	EndGlobalSection
EndGlobal
